Microsoft Visual Studio Solution File, Format Version 11.00
# Visual Studio 2008

Project("{95108D1A-101A-67A5-D1BA-BBC36EAAB4D6}") = "Batdoi_Timsan_Unity", "Assembly-CSharp.csproj", "{C71AFFFC-CD87-4EB4-3321-6CB2E46B8649}"
EndProject
Project("{95108D1A-101A-67A5-D1BA-BBC36EAAB4D6}") = "Batdoi_Timsan_Unity", "Assembly-CSharp-Editor.csproj", "{A99E20C8-167C-5450-4C78-E546B9E472BD}"
EndProject
Global
	GlobalSection(SolutionConfigurationPlatforms) = preSolution
		Debug|Any CPU = Debug|Any CPU
		Release|Any CPU = Release|Any CPU
	EndGlobalSection
	GlobalSection(ProjectConfigurationPlatforms) = postSolution
		{C71AFFFC-CD87-4EB4-3321-6CB2E46B8649}.Debug|Any CPU.ActiveCfg = Debug|Any CPU
		{C71AFFFC-CD87-4EB4-3321-6CB2E46B8649}.Debug|Any CPU.Build.0 = Debug|Any CPU
		{C71AFFFC-CD87-4EB4-3321-6CB2E46B8649}.Release|Any CPU.ActiveCfg = Release|Any CPU
		{C71AFFFC-CD87-4EB4-3321-6CB2E46B8649}.Release|Any CPU.Build.0 = Release|Any CPU
		{A99E20C8-167C-5450-4C78-E546B9E472BD}.Debug|Any CPU.ActiveCfg = Debug|Any CPU
		{A99E20C8-167C-5450-4C78-E546B9E472BD}.Debug|Any CPU.Build.0 = Debug|Any CPU
		{A99E20C8-167C-5450-4C78-E546B9E472BD}.Release|Any CPU.ActiveCfg = Release|Any CPU
		{A99E20C8-167C-5450-4C78-E546B9E472BD}.Release|Any CPU.Build.0 = Release|Any CPU
	EndGlobalSection
	GlobalSection(SolutionProperties) = preSolution
		HideSolutionNode = FALSE
	EndGlobalSection
					GlobalSection(MonoDevelopProperties) = preSolution
		StartupItem = Assembly-CSharp.csproj
		Policies = $0
		$0.TextStylePolicy = $1
		$1.inheritsSet = null
		$1.scope = text/x-csharp
		$0.CSharpFormattingPolicy = $2
		$2.inheritsSet = Mono
		$2.inheritsScope = text/x-csharp
		$2.scope = text/x-csharp
		$0.TextStylePolicy = $3
		$3.FileWidth = 120
		$3.TabWidth = 4
		$3.IndentWidth = 4
		$3.EolMarker = Unix
		$3.inheritsSet = Mono
		$3.inheritsScope = text/plain
		$3.scope = text/plain
	EndGlobalSection

EndGlobal
